// !$*UTF8*$!
{
	archiveVersion = 1;
	classes = {
	};
	objectVersion = 50;
	objects = {

/* Begin PBXBuildFile section */
		0F07CFA821DC0768006B536C /* LogLevelDot.swift in Sources */ = {isa = PBXBuildFile; fileRef = 0F07CFA621DC0768006B536C /* LogLevelDot.swift */; };
		0F07CFA921DC0768006B536C /* MessageTableCellView.swift in Sources */ = {isa = PBXBuildFile; fileRef = 0F07CFA721DC0768006B536C /* MessageTableCellView.swift */; };
		0F07CFAC21DC083B006B536C /* MainViewController.swift in Sources */ = {isa = PBXBuildFile; fileRef = 0F07CFAB21DC083B006B536C /* MainViewController.swift */; };
		0F07CFAE21DC0856006B536C /* MainViewController.xib in Resources */ = {isa = PBXBuildFile; fileRef = 0F07CFAD21DC0856006B536C /* MainViewController.xib */; };
		0F07CFB021DC089E006B536C /* MainViewModel.swift in Sources */ = {isa = PBXBuildFile; fileRef = 0F07CFAF21DC089E006B536C /* MainViewModel.swift */; };
		0F07CFB321DC0A0E006B536C /* MenuViewController.swift in Sources */ = {isa = PBXBuildFile; fileRef = 0F07CFB221DC0A0E006B536C /* MenuViewController.swift */; };
		0F07CFB521DC0A1A006B536C /* MenuViewController.xib in Resources */ = {isa = PBXBuildFile; fileRef = 0F07CFB421DC0A1A006B536C /* MenuViewController.xib */; };
		0F07CFB721DC0A23006B536C /* MenuViewModel.swift in Sources */ = {isa = PBXBuildFile; fileRef = 0F07CFB621DC0A23006B536C /* MenuViewModel.swift */; };
		0F07CFBA21DC1C8A006B536C /* FileLoader.swift in Sources */ = {isa = PBXBuildFile; fileRef = 0F07CFB921DC1C8A006B536C /* FileLoader.swift */; };
		0F07CFBD21DC1D7F006B536C /* Log.swift in Sources */ = {isa = PBXBuildFile; fileRef = 0F07CFBC21DC1D7F006B536C /* Log.swift */; };
		0F07CFBF21DC1D91006B536C /* LogLevel.swift in Sources */ = {isa = PBXBuildFile; fileRef = 0F07CFBE21DC1D91006B536C /* LogLevel.swift */; };
		0F07CFC121DC1FA8006B536C /* FileLoaderImpl.swift in Sources */ = {isa = PBXBuildFile; fileRef = 0F07CFC021DC1FA8006B536C /* FileLoaderImpl.swift */; };
		0F07CFC321DC1FC1006B536C /* FileLoaderDelegate.swift in Sources */ = {isa = PBXBuildFile; fileRef = 0F07CFC221DC1FC1006B536C /* FileLoaderDelegate.swift */; };
		0F33D88721DBB0C600D58F20 /* AppDelegate.swift in Sources */ = {isa = PBXBuildFile; fileRef = 0F33D88621DBB0C600D58F20 /* AppDelegate.swift */; };
		0F33D88921DBB0C800D58F20 /* Assets.xcassets in Resources */ = {isa = PBXBuildFile; fileRef = 0F33D88821DBB0C800D58F20 /* Assets.xcassets */; };
		0F33D88C21DBB0C800D58F20 /* MainMenu.xib in Resources */ = {isa = PBXBuildFile; fileRef = 0F33D88A21DBB0C800D58F20 /* MainMenu.xib */; };
		0F33D89621DBB22500D58F20 /* LogsViewController.swift in Sources */ = {isa = PBXBuildFile; fileRef = 0F33D89521DBB22500D58F20 /* LogsViewController.swift */; };
		0F33D89A21DBB38000D58F20 /* LogsViewController.xib in Resources */ = {isa = PBXBuildFile; fileRef = 0F33D89921DBB38000D58F20 /* LogsViewController.xib */; };
		0F33D89D21DBB70300D58F20 /* DropZone.swift in Sources */ = {isa = PBXBuildFile; fileRef = 0F33D89C21DBB70300D58F20 /* DropZone.swift */; };
		0F33D8A521DBB88D00D58F20 /* LogsViewModel.swift in Sources */ = {isa = PBXBuildFile; fileRef = 0F33D8A421DBB88D00D58F20 /* LogsViewModel.swift */; };
/* End PBXBuildFile section */

/* Begin PBXFileReference section */
		0F07CFA621DC0768006B536C /* LogLevelDot.swift */ = {isa = PBXFileReference; fileEncoding = 4; lastKnownFileType = sourcecode.swift; path = LogLevelDot.swift; sourceTree = "<group>"; };
		0F07CFA721DC0768006B536C /* MessageTableCellView.swift */ = {isa = PBXFileReference; fileEncoding = 4; lastKnownFileType = sourcecode.swift; path = MessageTableCellView.swift; sourceTree = "<group>"; };
		0F07CFAB21DC083B006B536C /* MainViewController.swift */ = {isa = PBXFileReference; lastKnownFileType = sourcecode.swift; path = MainViewController.swift; sourceTree = "<group>"; };
		0F07CFAD21DC0856006B536C /* MainViewController.xib */ = {isa = PBXFileReference; lastKnownFileType = file.xib; path = MainViewController.xib; sourceTree = "<group>"; };
		0F07CFAF21DC089E006B536C /* MainViewModel.swift */ = {isa = PBXFileReference; lastKnownFileType = sourcecode.swift; path = MainViewModel.swift; sourceTree = "<group>"; };
		0F07CFB221DC0A0E006B536C /* MenuViewController.swift */ = {isa = PBXFileReference; lastKnownFileType = sourcecode.swift; path = MenuViewController.swift; sourceTree = "<group>"; };
		0F07CFB421DC0A1A006B536C /* MenuViewController.xib */ = {isa = PBXFileReference; lastKnownFileType = file.xib; path = MenuViewController.xib; sourceTree = "<group>"; };
		0F07CFB621DC0A23006B536C /* MenuViewModel.swift */ = {isa = PBXFileReference; lastKnownFileType = sourcecode.swift; path = MenuViewModel.swift; sourceTree = "<group>"; };
		0F07CFB921DC1C8A006B536C /* FileLoader.swift */ = {isa = PBXFileReference; lastKnownFileType = sourcecode.swift; path = FileLoader.swift; sourceTree = "<group>"; };
		0F07CFBC21DC1D7F006B536C /* Log.swift */ = {isa = PBXFileReference; lastKnownFileType = sourcecode.swift; path = Log.swift; sourceTree = "<group>"; };
		0F07CFBE21DC1D91006B536C /* LogLevel.swift */ = {isa = PBXFileReference; lastKnownFileType = sourcecode.swift; path = LogLevel.swift; sourceTree = "<group>"; };
		0F07CFC021DC1FA8006B536C /* FileLoaderImpl.swift */ = {isa = PBXFileReference; lastKnownFileType = sourcecode.swift; path = FileLoaderImpl.swift; sourceTree = "<group>"; };
		0F07CFC221DC1FC1006B536C /* FileLoaderDelegate.swift */ = {isa = PBXFileReference; lastKnownFileType = sourcecode.swift; path = FileLoaderDelegate.swift; sourceTree = "<group>"; };
		0F33D88321DBB0C600D58F20 /* Logsight.app */ = {isa = PBXFileReference; explicitFileType = wrapper.application; includeInIndex = 0; path = Logsight.app; sourceTree = BUILT_PRODUCTS_DIR; };
		0F33D88621DBB0C600D58F20 /* AppDelegate.swift */ = {isa = PBXFileReference; lastKnownFileType = sourcecode.swift; path = AppDelegate.swift; sourceTree = "<group>"; };
		0F33D88821DBB0C800D58F20 /* Assets.xcassets */ = {isa = PBXFileReference; lastKnownFileType = folder.assetcatalog; path = Assets.xcassets; sourceTree = "<group>"; };
		0F33D88B21DBB0C800D58F20 /* Base */ = {isa = PBXFileReference; lastKnownFileType = file.xib; name = Base; path = Base.lproj/MainMenu.xib; sourceTree = "<group>"; };
		0F33D88D21DBB0C800D58F20 /* Info.plist */ = {isa = PBXFileReference; lastKnownFileType = text.plist.xml; path = Info.plist; sourceTree = "<group>"; };
		0F33D88E21DBB0C800D58F20 /* Logsight.entitlements */ = {isa = PBXFileReference; lastKnownFileType = text.plist.entitlements; path = Logsight.entitlements; sourceTree = "<group>"; };
		0F33D89521DBB22500D58F20 /* LogsViewController.swift */ = {isa = PBXFileReference; lastKnownFileType = sourcecode.swift; path = LogsViewController.swift; sourceTree = "<group>"; };
		0F33D89921DBB38000D58F20 /* LogsViewController.xib */ = {isa = PBXFileReference; lastKnownFileType = file.xib; path = LogsViewController.xib; sourceTree = "<group>"; };
		0F33D89C21DBB70300D58F20 /* DropZone.swift */ = {isa = PBXFileReference; lastKnownFileType = sourcecode.swift; path = DropZone.swift; sourceTree = "<group>"; };
		0F33D8A421DBB88D00D58F20 /* LogsViewModel.swift */ = {isa = PBXFileReference; lastKnownFileType = sourcecode.swift; path = LogsViewModel.swift; sourceTree = "<group>"; };
		0F33D8A621DBC32B00D58F20 /* README.md */ = {isa = PBXFileReference; lastKnownFileType = net.daringfireball.markdown; path = README.md; sourceTree = "<group>"; };
		0F33D8AA21DBCD5F00D58F20 /* screenshot.png */ = {isa = PBXFileReference; lastKnownFileType = image.png; path = screenshot.png; sourceTree = "<group>"; };
/* End PBXFileReference section */

/* Begin PBXFrameworksBuildPhase section */
		0F33D88021DBB0C600D58F20 /* Frameworks */ = {
			isa = PBXFrameworksBuildPhase;
			buildActionMask = 2147483647;
			files = (
			);
			runOnlyForDeploymentPostprocessing = 0;
		};
/* End PBXFrameworksBuildPhase section */

/* Begin PBXGroup section */
		0F07CFA421DC0768006B536C /* MessageTableCellView */ = {
			isa = PBXGroup;
			children = (
				0F07CFA521DC0768006B536C /* LogLevelDot */,
				0F07CFA721DC0768006B536C /* MessageTableCellView.swift */,
			);
			path = MessageTableCellView;
			sourceTree = "<group>";
		};
		0F07CFA521DC0768006B536C /* LogLevelDot */ = {
			isa = PBXGroup;
			children = (
				0F07CFA621DC0768006B536C /* LogLevelDot.swift */,
			);
			path = LogLevelDot;
			sourceTree = "<group>";
		};
		0F07CFAA21DC07E3006B536C /* MainViewController */ = {
			isa = PBXGroup;
			children = (
				0F07CFAB21DC083B006B536C /* MainViewController.swift */,
				0F07CFAD21DC0856006B536C /* MainViewController.xib */,
				0F07CFAF21DC089E006B536C /* MainViewModel.swift */,
				0F07CFB121DC09E9006B536C /* MenuViewController */,
				0F33D89421DBB21200D58F20 /* LogsViewController */,
			);
			path = MainViewController;
			sourceTree = "<group>";
		};
		0F07CFB121DC09E9006B536C /* MenuViewController */ = {
			isa = PBXGroup;
			children = (
				0F07CFB221DC0A0E006B536C /* MenuViewController.swift */,
				0F07CFB421DC0A1A006B536C /* MenuViewController.xib */,
				0F07CFB621DC0A23006B536C /* MenuViewModel.swift */,
			);
			path = MenuViewController;
			sourceTree = "<group>";
		};
		0F07CFB821DC1C5E006B536C /* Services */ = {
			isa = PBXGroup;
			children = (
				0F07CFBB21DC1D73006B536C /* Model */,
				0F07CFB921DC1C8A006B536C /* FileLoader.swift */,
				0F07CFC021DC1FA8006B536C /* FileLoaderImpl.swift */,
				0F07CFC221DC1FC1006B536C /* FileLoaderDelegate.swift */,
			);
			path = Services;
			sourceTree = "<group>";
		};
		0F07CFBB21DC1D73006B536C /* Model */ = {
			isa = PBXGroup;
			children = (
				0F07CFBC21DC1D7F006B536C /* Log.swift */,
				0F07CFBE21DC1D91006B536C /* LogLevel.swift */,
			);
			path = Model;
			sourceTree = "<group>";
		};
		0F33D87A21DBB0C600D58F20 = {
			isa = PBXGroup;
			children = (
				0F33D8A721DBCD4000D58F20 /* Medias */,
				0F33D8A621DBC32B00D58F20 /* README.md */,
				0F33D88521DBB0C600D58F20 /* Logsight */,
				0F33D88421DBB0C600D58F20 /* Products */,
			);
			sourceTree = "<group>";
		};
		0F33D88421DBB0C600D58F20 /* Products */ = {
			isa = PBXGroup;
			children = (
				0F33D88321DBB0C600D58F20 /* Logsight.app */,
			);
			name = Products;
			sourceTree = "<group>";
		};
		0F33D88521DBB0C600D58F20 /* Logsight */ = {
			isa = PBXGroup;
			children = (
				0F07CFB821DC1C5E006B536C /* Services */,
				0F07CFAA21DC07E3006B536C /* MainViewController */,
				0F33D88621DBB0C600D58F20 /* AppDelegate.swift */,
				0F33D88821DBB0C800D58F20 /* Assets.xcassets */,
				0F33D88A21DBB0C800D58F20 /* MainMenu.xib */,
				0F33D88D21DBB0C800D58F20 /* Info.plist */,
				0F33D88E21DBB0C800D58F20 /* Logsight.entitlements */,
			);
			path = Logsight;
			sourceTree = "<group>";
		};
		0F33D89421DBB21200D58F20 /* LogsViewController */ = {
			isa = PBXGroup;
			children = (
				0F07CFA421DC0768006B536C /* MessageTableCellView */,
				0F33D89B21DBB6F800D58F20 /* DropZone */,
				0F33D89521DBB22500D58F20 /* LogsViewController.swift */,
				0F33D89921DBB38000D58F20 /* LogsViewController.xib */,
				0F33D8A421DBB88D00D58F20 /* LogsViewModel.swift */,
			);
			path = LogsViewController;
			sourceTree = "<group>";
		};
		0F33D89B21DBB6F800D58F20 /* DropZone */ = {
			isa = PBXGroup;
			children = (
				0F33D89C21DBB70300D58F20 /* DropZone.swift */,
			);
			path = DropZone;
			sourceTree = "<group>";
		};
		0F33D8A721DBCD4000D58F20 /* Medias */ = {
			isa = PBXGroup;
			children = (
				0F33D8AA21DBCD5F00D58F20 /* screenshot.png */,
			);
			path = Medias;
			sourceTree = "<group>";
		};
/* End PBXGroup section */

/* Begin PBXNativeTarget section */
		0F33D88221DBB0C600D58F20 /* Logsight */ = {
			isa = PBXNativeTarget;
			buildConfigurationList = 0F33D89121DBB0C800D58F20 /* Build configuration list for PBXNativeTarget "Logsight" */;
			buildPhases = (
				0F33D87F21DBB0C600D58F20 /* Sources */,
				0F33D88021DBB0C600D58F20 /* Frameworks */,
				0F33D88121DBB0C600D58F20 /* Resources */,
			);
			buildRules = (
			);
			dependencies = (
			);
			name = Logsight;
			productName = Logsight;
			productReference = 0F33D88321DBB0C600D58F20 /* Logsight.app */;
			productType = "com.apple.product-type.application";
		};
/* End PBXNativeTarget section */

/* Begin PBXProject section */
		0F33D87B21DBB0C600D58F20 /* Project object */ = {
			isa = PBXProject;
			attributes = {
				LastSwiftUpdateCheck = 1010;
				LastUpgradeCheck = 1010;
				ORGANIZATIONNAME = "Joan Zapata";
				TargetAttributes = {
					0F33D88221DBB0C600D58F20 = {
						CreatedOnToolsVersion = 10.1;
					};
				};
			};
			buildConfigurationList = 0F33D87E21DBB0C600D58F20 /* Build configuration list for PBXProject "Logsight" */;
			compatibilityVersion = "Xcode 9.3";
			developmentRegion = en;
			hasScannedForEncodings = 0;
			knownRegions = (
				en,
				Base,
			);
			mainGroup = 0F33D87A21DBB0C600D58F20;
			productRefGroup = 0F33D88421DBB0C600D58F20 /* Products */;
			projectDirPath = "";
			projectRoot = "";
			targets = (
				0F33D88221DBB0C600D58F20 /* Logsight */,
			);
		};
/* End PBXProject section */

/* Begin PBXResourcesBuildPhase section */
		0F33D88121DBB0C600D58F20 /* Resources */ = {
			isa = PBXResourcesBuildPhase;
			buildActionMask = 2147483647;
			files = (
				0F07CFAE21DC0856006B536C /* MainViewController.xib in Resources */,
				0F33D88921DBB0C800D58F20 /* Assets.xcassets in Resources */,
				0F07CFB521DC0A1A006B536C /* MenuViewController.xib in Resources */,
				0F33D89A21DBB38000D58F20 /* LogsViewController.xib in Resources */,
				0F33D88C21DBB0C800D58F20 /* MainMenu.xib in Resources */,
			);
			runOnlyForDeploymentPostprocessing = 0;
		};
/* End PBXResourcesBuildPhase section */

/* Begin PBXSourcesBuildPhase section */
		0F33D87F21DBB0C600D58F20 /* Sources */ = {
			isa = PBXSourcesBuildPhase;
			buildActionMask = 2147483647;
			files = (
				0F07CFC321DC1FC1006B536C /* FileLoaderDelegate.swift in Sources */,
				0F07CFAC21DC083B006B536C /* MainViewController.swift in Sources */,
				0F07CFA821DC0768006B536C /* LogLevelDot.swift in Sources */,
				0F07CFBD21DC1D7F006B536C /* Log.swift in Sources */,
				0F33D8A521DBB88D00D58F20 /* LogsViewModel.swift in Sources */,
				0F07CFBA21DC1C8A006B536C /* FileLoader.swift in Sources */,
				0F07CFB721DC0A23006B536C /* MenuViewModel.swift in Sources */,
				0F07CFBF21DC1D91006B536C /* LogLevel.swift in Sources */,
				0F33D88721DBB0C600D58F20 /* AppDelegate.swift in Sources */,
				0F07CFB321DC0A0E006B536C /* MenuViewController.swift in Sources */,
				0F33D89D21DBB70300D58F20 /* DropZone.swift in Sources */,
				0F07CFC121DC1FA8006B536C /* FileLoaderImpl.swift in Sources */,
				0F33D89621DBB22500D58F20 /* LogsViewController.swift in Sources */,
				0F07CFA921DC0768006B536C /* MessageTableCellView.swift in Sources */,
				0F07CFB021DC089E006B536C /* MainViewModel.swift in Sources */,
			);
			runOnlyForDeploymentPostprocessing = 0;
		};
/* End PBXSourcesBuildPhase section */

/* Begin PBXVariantGroup section */
		0F33D88A21DBB0C800D58F20 /* MainMenu.xib */ = {
			isa = PBXVariantGroup;
			children = (
				0F33D88B21DBB0C800D58F20 /* Base */,
			);
			name = MainMenu.xib;
			sourceTree = "<group>";
		};
/* End PBXVariantGroup section */

/* Begin XCBuildConfiguration section */
		0F33D88F21DBB0C800D58F20 /* Debug */ = {
			isa = XCBuildConfiguration;
			buildSettings = {
				ALWAYS_SEARCH_USER_PATHS = NO;
				CLANG_ANALYZER_NONNULL = YES;
				CLANG_ANALYZER_NUMBER_OBJECT_CONVERSION = YES_AGGRESSIVE;
				CLANG_CXX_LANGUAGE_STANDARD = "gnu++14";
				CLANG_CXX_LIBRARY = "libc++";
				CLANG_ENABLE_MODULES = YES;
				CLANG_ENABLE_OBJC_ARC = YES;
				CLANG_ENABLE_OBJC_WEAK = YES;
				CLANG_WARN_BLOCK_CAPTURE_AUTORELEASING = YES;
				CLANG_WARN_BOOL_CONVERSION = YES;
				CLANG_WARN_COMMA = YES;
				CLANG_WARN_CONSTANT_CONVERSION = YES;
				CLANG_WARN_DEPRECATED_OBJC_IMPLEMENTATIONS = YES;
				CLANG_WARN_DIRECT_OBJC_ISA_USAGE = YES_ERROR;
				CLANG_WARN_DOCUMENTATION_COMMENTS = YES;
				CLANG_WARN_EMPTY_BODY = YES;
				CLANG_WARN_ENUM_CONVERSION = YES;
				CLANG_WARN_INFINITE_RECURSION = YES;
				CLANG_WARN_INT_CONVERSION = YES;
				CLANG_WARN_NON_LITERAL_NULL_CONVERSION = YES;
				CLANG_WARN_OBJC_IMPLICIT_RETAIN_SELF = YES;
				CLANG_WARN_OBJC_LITERAL_CONVERSION = YES;
				CLANG_WARN_OBJC_ROOT_CLASS = YES_ERROR;
				CLANG_WARN_RANGE_LOOP_ANALYSIS = YES;
				CLANG_WARN_STRICT_PROTOTYPES = YES;
				CLANG_WARN_SUSPICIOUS_MOVE = YES;
				CLANG_WARN_UNGUARDED_AVAILABILITY = YES_AGGRESSIVE;
				CLANG_WARN_UNREACHABLE_CODE = YES;
				CLANG_WARN__DUPLICATE_METHOD_MATCH = YES;
				CODE_SIGN_IDENTITY = "Mac Developer";
				COPY_PHASE_STRIP = NO;
				DEBUG_INFORMATION_FORMAT = dwarf;
				ENABLE_STRICT_OBJC_MSGSEND = YES;
				ENABLE_TESTABILITY = YES;
				GCC_C_LANGUAGE_STANDARD = gnu11;
				GCC_DYNAMIC_NO_PIC = NO;
				GCC_NO_COMMON_BLOCKS = YES;
				GCC_OPTIMIZATION_LEVEL = 0;
				GCC_PREPROCESSOR_DEFINITIONS = (
					"DEBUG=1",
					"$(inherited)",
				);
				GCC_WARN_64_TO_32_BIT_CONVERSION = YES;
				GCC_WARN_ABOUT_RETURN_TYPE = YES_ERROR;
				GCC_WARN_UNDECLARED_SELECTOR = YES;
				GCC_WARN_UNINITIALIZED_AUTOS = YES_AGGRESSIVE;
				GCC_WARN_UNUSED_FUNCTION = YES;
				GCC_WARN_UNUSED_VARIABLE = YES;
				MACOSX_DEPLOYMENT_TARGET = 10.14;
				MTL_ENABLE_DEBUG_INFO = INCLUDE_SOURCE;
				MTL_FAST_MATH = YES;
				ONLY_ACTIVE_ARCH = YES;
				SDKROOT = macosx;
				SWIFT_ACTIVE_COMPILATION_CONDITIONS = DEBUG;
				SWIFT_OPTIMIZATION_LEVEL = "-Onone";
			};
			name = Debug;
		};
		0F33D89021DBB0C800D58F20 /* Release */ = {
			isa = XCBuildConfiguration;
			buildSettings = {
				ALWAYS_SEARCH_USER_PATHS = NO;
				CLANG_ANALYZER_NONNULL = YES;
				CLANG_ANALYZER_NUMBER_OBJECT_CONVERSION = YES_AGGRESSIVE;
				CLANG_CXX_LANGUAGE_STANDARD = "gnu++14";
				CLANG_CXX_LIBRARY = "libc++";
				CLANG_ENABLE_MODULES = YES;
				CLANG_ENABLE_OBJC_ARC = YES;
				CLANG_ENABLE_OBJC_WEAK = YES;
				CLANG_WARN_BLOCK_CAPTURE_AUTORELEASING = YES;
				CLANG_WARN_BOOL_CONVERSION = YES;
				CLANG_WARN_COMMA = YES;
				CLANG_WARN_CONSTANT_CONVERSION = YES;
				CLANG_WARN_DEPRECATED_OBJC_IMPLEMENTATIONS = YES;
				CLANG_WARN_DIRECT_OBJC_ISA_USAGE = YES_ERROR;
				CLANG_WARN_DOCUMENTATION_COMMENTS = YES;
				CLANG_WARN_EMPTY_BODY = YES;
				CLANG_WARN_ENUM_CONVERSION = YES;
				CLANG_WARN_INFINITE_RECURSION = YES;
				CLANG_WARN_INT_CONVERSION = YES;
				CLANG_WARN_NON_LITERAL_NULL_CONVERSION = YES;
				CLANG_WARN_OBJC_IMPLICIT_RETAIN_SELF = YES;
				CLANG_WARN_OBJC_LITERAL_CONVERSION = YES;
				CLANG_WARN_OBJC_ROOT_CLASS = YES_ERROR;
				CLANG_WARN_RANGE_LOOP_ANALYSIS = YES;
				CLANG_WARN_STRICT_PROTOTYPES = YES;
				CLANG_WARN_SUSPICIOUS_MOVE = YES;
				CLANG_WARN_UNGUARDED_AVAILABILITY = YES_AGGRESSIVE;
				CLANG_WARN_UNREACHABLE_CODE = YES;
				CLANG_WARN__DUPLICATE_METHOD_MATCH = YES;
				CODE_SIGN_IDENTITY = "Mac Developer";
				COPY_PHASE_STRIP = NO;
				DEBUG_INFORMATION_FORMAT = "dwarf-with-dsym";
				ENABLE_NS_ASSERTIONS = NO;
				ENABLE_STRICT_OBJC_MSGSEND = YES;
				GCC_C_LANGUAGE_STANDARD = gnu11;
				GCC_NO_COMMON_BLOCKS = YES;
				GCC_WARN_64_TO_32_BIT_CONVERSION = YES;
				GCC_WARN_ABOUT_RETURN_TYPE = YES_ERROR;
				GCC_WARN_UNDECLARED_SELECTOR = YES;
				GCC_WARN_UNINITIALIZED_AUTOS = YES_AGGRESSIVE;
				GCC_WARN_UNUSED_FUNCTION = YES;
				GCC_WARN_UNUSED_VARIABLE = YES;
				MACOSX_DEPLOYMENT_TARGET = 10.14;
				MTL_ENABLE_DEBUG_INFO = NO;
				MTL_FAST_MATH = YES;
				SDKROOT = macosx;
				SWIFT_COMPILATION_MODE = wholemodule;
				SWIFT_OPTIMIZATION_LEVEL = "-O";
			};
			name = Release;
		};
		0F33D89221DBB0C800D58F20 /* Debug */ = {
			isa = XCBuildConfiguration;
			buildSettings = {
				ASSETCATALOG_COMPILER_APPICON_NAME = AppIcon;
				CODE_SIGN_ENTITLEMENTS = Logsight/Logsight.entitlements;
				CODE_SIGN_STYLE = Automatic;
				COMBINE_HIDPI_IMAGES = YES;
				DEVELOPMENT_TEAM = 4A25ZE88R7;
				INFOPLIST_FILE = Logsight/Info.plist;
				LD_RUNPATH_SEARCH_PATHS = (
					"$(inherited)",
					"@executable_path/../Frameworks",
				);
				PRODUCT_BUNDLE_IDENTIFIER = com.joanzapata.Logsight;
				PRODUCT_NAME = "$(TARGET_NAME)";
				SWIFT_VERSION = 4.2;
			};
			name = Debug;
		};
		0F33D89321DBB0C800D58F20 /* Release */ = {
			isa = XCBuildConfiguration;
			buildSettings = {
				ASSETCATALOG_COMPILER_APPICON_NAME = AppIcon;
				CODE_SIGN_ENTITLEMENTS = Logsight/Logsight.entitlements;
				CODE_SIGN_STYLE = Automatic;
				COMBINE_HIDPI_IMAGES = YES;
				DEVELOPMENT_TEAM = 4A25ZE88R7;
				INFOPLIST_FILE = Logsight/Info.plist;
				LD_RUNPATH_SEARCH_PATHS = (
					"$(inherited)",
					"@executable_path/../Frameworks",
				);
				PRODUCT_BUNDLE_IDENTIFIER = com.joanzapata.Logsight;
				PRODUCT_NAME = "$(TARGET_NAME)";
				SWIFT_VERSION = 4.2;
			};
			name = Release;
		};
/* End XCBuildConfiguration section */

/* Begin XCConfigurationList section */
		0F33D87E21DBB0C600D58F20 /* Build configuration list for PBXProject "Logsight" */ = {
			isa = XCConfigurationList;
			buildConfigurations = (
				0F33D88F21DBB0C800D58F20 /* Debug */,
				0F33D89021DBB0C800D58F20 /* Release */,
			);
			defaultConfigurationIsVisible = 0;
			defaultConfigurationName = Release;
		};
		0F33D89121DBB0C800D58F20 /* Build configuration list for PBXNativeTarget "Logsight" */ = {
			isa = XCConfigurationList;
			buildConfigurations = (
				0F33D89221DBB0C800D58F20 /* Debug */,
				0F33D89321DBB0C800D58F20 /* Release */,
			);
			defaultConfigurationIsVisible = 0;
			defaultConfigurationName = Release;
		};
/* End XCConfigurationList section */
	};
	rootObject = 0F33D87B21DBB0C600D58F20 /* Project object */;
}
